// !$*UTF8*$!
{
	archiveVersion = 1;
	classes = {
	};
	objectVersion = 46;
	objects = {

/* Begin PBXBuildFile section */
		B439E01516F1DB5C006DDE64 /* 1 - una storia come tante.png in Resources */ = {isa = PBXBuildFile; fileRef = B439E00C16F1DB5C006DDE64 /* 1 - una storia come tante.png */; };
		B439E01616F1DB5C006DDE64 /* 2 - l'idea.png in Resources */ = {isa = PBXBuildFile; fileRef = B439E00D16F1DB5C006DDE64 /* 2 - l'idea.png */; };
		B439E01716F1DB5C006DDE64 /* 3 - gli ostacoli.png in Resources */ = {isa = PBXBuildFile; fileRef = B439E00E16F1DB5C006DDE64 /* 3 - gli ostacoli.png */; };
		B439E01816F1DB5C006DDE64 /* 4 - Com-Unity.png in Resources */ = {isa = PBXBuildFile; fileRef = B439E00F16F1DB5C006DDE64 /* 4 - Com-Unity.png */; };
		B439E01916F1DB5C006DDE64 /* 5 - il progetto.png in Resources */ = {isa = PBXBuildFile; fileRef = B439E01016F1DB5C006DDE64 /* 5 - il progetto.png */; };
		B439E01A16F1DB5C006DDE64 /* 6 - la raccolta fondi.png in Resources */ = {isa = PBXBuildFile; fileRef = B439E01116F1DB5C006DDE64 /* 6 - la raccolta fondi.png */; };
		B439E01B16F1DB5C006DDE64 /* 7 - nasce una nuova azienda.png in Resources */ = {isa = PBXBuildFile; fileRef = B439E01216F1DB5C006DDE64 /* 7 - nasce una nuova azienda.png */; };
		B439E01C16F1DB5C006DDE64 /* 8 - un mondo migliore.png in Resources */ = {isa = PBXBuildFile; fileRef = B439E01316F1DB5C006DDE64 /* 8 - un mondo migliore.png */; };
		B439E01D16F1DB5C006DDE64 /* 9 - imprenditori si diventa.png in Resources */ = {isa = PBXBuildFile; fileRef = B439E01416F1DB5C006DDE64 /* 9 - imprenditori si diventa.png */; };
		FC45A86616C0270A00D8F29C /* infoViewController.m in Sources */ = {isa = PBXBuildFile; fileRef = FC45A86516C0270A00D8F29C /* infoViewController.m */; };
		FC6AB75216BFE47A00D41728 /* UIKit.framework in Frameworks */ = {isa = PBXBuildFile; fileRef = FC6AB75116BFE47A00D41728 /* UIKit.framework */; };
		FC6AB75416BFE47A00D41728 /* Foundation.framework in Frameworks */ = {isa = PBXBuildFile; fileRef = FC6AB75316BFE47A00D41728 /* Foundation.framework */; };
		FC6AB75616BFE47A00D41728 /* CoreGraphics.framework in Frameworks */ = {isa = PBXBuildFile; fileRef = FC6AB75516BFE47A00D41728 /* CoreGraphics.framework */; };
		FC6AB75C16BFE47A00D41728 /* InfoPlist.strings in Resources */ = {isa = PBXBuildFile; fileRef = FC6AB75A16BFE47A00D41728 /* InfoPlist.strings */; };
		FC6AB75E16BFE47A00D41728 /* main.m in Sources */ = {isa = PBXBuildFile; fileRef = FC6AB75D16BFE47A00D41728 /* main.m */; };
		FC6AB76216BFE47A00D41728 /* AppDelegate.m in Sources */ = {isa = PBXBuildFile; fileRef = FC6AB76116BFE47A00D41728 /* AppDelegate.m */; };
		FC6AB76B16BFE47A00D41728 /* MainStoryboard_iPhone.storyboard in Resources */ = {isa = PBXBuildFile; fileRef = FC6AB76916BFE47A00D41728 /* MainStoryboard_iPhone.storyboard */; };
		FC6AB76E16BFE47A00D41728 /* MainStoryboard_iPad.storyboard in Resources */ = {isa = PBXBuildFile; fileRef = FC6AB76C16BFE47A00D41728 /* MainStoryboard_iPad.storyboard */; };
		FC6AB78416BFE5E900D41728 /* webViewController.m in Sources */ = {isa = PBXBuildFile; fileRef = FC6AB78316BFE5E900D41728 /* webViewController.m */; };
		FC6AB78616BFE87900D41728 /* IDCNews.png in Resources */ = {isa = PBXBuildFile; fileRef = FC6AB78516BFE87900D41728 /* IDCNews.png */; };
		FC9B9B7116C10C7600B68E6D /* ipad@x2.png in Resources */ = {isa = PBXBuildFile; fileRef = FC9B9B7016C10C7600B68E6D /* ipad@x2.png */; };
		FC9B9B7316C10C7D00B68E6D /* ipad_icon.png in Resources */ = {isa = PBXBuildFile; fileRef = FC9B9B7216C10C7D00B68E6D /* ipad_icon.png */; };
		FC9B9B7516C10CB600B68E6D /* iphone_icon.png in Resources */ = {isa = PBXBuildFile; fileRef = FC9B9B7416C10CB600B68E6D /* iphone_icon.png */; };
		FC9B9B7716C10D6100B68E6D /* iphone@x2.png in Resources */ = {isa = PBXBuildFile; fileRef = FC9B9B7616C10D6100B68E6D /* iphone@x2.png */; };
		FC9B9B7916C10EE200B68E6D /* Default-Portrait@2x~ipad.png in Resources */ = {isa = PBXBuildFile; fileRef = FC9B9B7816C10EE200B68E6D /* Default-Portrait@2x~ipad.png */; };
		FC9B9B7B16C10EE700B68E6D /* Default-Landscape~ipad.png in Resources */ = {isa = PBXBuildFile; fileRef = FC9B9B7A16C10EE700B68E6D /* Default-Landscape~ipad.png */; };
		FC9B9B7D16C10EF700B68E6D /* Default-Portrait~ipad.png in Resources */ = {isa = PBXBuildFile; fileRef = FC9B9B7C16C10EF700B68E6D /* Default-Portrait~ipad.png */; };
		FC9B9B7F16C10F0200B68E6D /* Default-Landscape@2x~ipad.png in Resources */ = {isa = PBXBuildFile; fileRef = FC9B9B7E16C10F0200B68E6D /* Default-Landscape@2x~ipad.png */; };
		FC9B9B8716C110E900B68E6D /* bannerino.png in Resources */ = {isa = PBXBuildFile; fileRef = FC9B9B8616C110E900B68E6D /* bannerino.png */; };
		FC9B9B8916C113D500B68E6D /* icona_info.png in Resources */ = {isa = PBXBuildFile; fileRef = FC9B9B8816C113D500B68E6D /* icona_info.png */; };
		FC9B9B8B16C113DC00B68E6D /* icona_play.png in Resources */ = {isa = PBXBuildFile; fileRef = FC9B9B8A16C113DC00B68E6D /* icona_play.png */; };
		FC9B9B8E16C1170C00B68E6D /* playViewController.m in Sources */ = {isa = PBXBuildFile; fileRef = FC9B9B8D16C1170C00B68E6D /* playViewController.m */; };
		FC9B9B9116C1172300B68E6D /* cellaView.m in Sources */ = {isa = PBXBuildFile; fileRef = FC9B9B9016C1172300B68E6D /* cellaView.m */; };
		FC9B9BA116C1393500B68E6D /* Default.png in Resources */ = {isa = PBXBuildFile; fileRef = FC9B9BA016C1393500B68E6D /* Default.png */; };
		FC9B9BA216C1393D00B68E6D /* Default@2x.png in Resources */ = {isa = PBXBuildFile; fileRef = FC9B9B9C16C1391400B68E6D /* Default@2x.png */; };
		FC9B9BA316C1394400B68E6D /* Default-568h@2x.png in Resources */ = {isa = PBXBuildFile; fileRef = FC9B9B9E16C1391D00B68E6D /* Default-568h@2x.png */; };
		FCAEF32216F23315009C94F7 /* Smammas.mp4 in Resources */ = {isa = PBXBuildFile; fileRef = FCAEF32116F23315009C94F7 /* Smammas.mp4 */; };
		FCAEF32416F23360009C94F7 /* MediaPlayer.framework in Frameworks */ = {isa = PBXBuildFile; fileRef = FCAEF32316F23360009C94F7 /* MediaPlayer.framework */; };
		FCAEF32716F233D3009C94F7 /* videoViewController.m in Sources */ = {isa = PBXBuildFile; fileRef = FCAEF32616F233D3009C94F7 /* videoViewController.m */; };
		FCD7FECF16EF9EBA00102C77 /* startup.plist in Resources */ = {isa = PBXBuildFile; fileRef = FCD7FECE16EF9EBA00102C77 /* startup.plist */; };
		FCEFF7B016C15D9000FCDECC /* dettaglioViewController.m in Sources */ = {isa = PBXBuildFile; fileRef = FCEFF7AF16C15D9000FCDECC /* dettaglioViewController.m */; };
		FCFA1CD616F220C900F1D702 /* bannerinfo.png in Resources */ = {isa = PBXBuildFile; fileRef = FCFA1CD516F220C900F1D702 /* bannerinfo.png */; };
		FCFA1CD816F220D000F1D702 /* BarreLati.png in Resources */ = {isa = PBXBuildFile; fileRef = FCFA1CD716F220D000F1D702 /* BarreLati.png */; };
		FCFA1CDA16F220DA00F1D702 /* iniziapartita.png in Resources */ = {isa = PBXBuildFile; fileRef = FCFA1CD916F220DA00F1D702 /* iniziapartita.png */; };
		FCFA1CDC16F220E200F1D702 /* Quadrato_sfondo.png in Resources */ = {isa = PBXBuildFile; fileRef = FCFA1CDB16F220E200F1D702 /* Quadrato_sfondo.png */; };
/* End PBXBuildFile section */

/* Begin PBXFileReference section */
		B439E00C16F1DB5C006DDE64 /* 1 - una storia come tante.png */ = {isa = PBXFileReference; lastKnownFileType = image.png; path = "1 - una storia come tante.png"; sourceTree = "<group>"; };
		B439E00D16F1DB5C006DDE64 /* 2 - l'idea.png */ = {isa = PBXFileReference; lastKnownFileType = image.png; path = "2 - l'idea.png"; sourceTree = "<group>"; };
		B439E00E16F1DB5C006DDE64 /* 3 - gli ostacoli.png */ = {isa = PBXFileReference; lastKnownFileType = image.png; path = "3 - gli ostacoli.png"; sourceTree = "<group>"; };
		B439E00F16F1DB5C006DDE64 /* 4 - Com-Unity.png */ = {isa = PBXFileReference; lastKnownFileType = image.png; path = "4 - Com-Unity.png"; sourceTree = "<group>"; };
		B439E01016F1DB5C006DDE64 /* 5 - il progetto.png */ = {isa = PBXFileReference; lastKnownFileType = image.png; path = "5 - il progetto.png"; sourceTree = "<group>"; };
		B439E01116F1DB5C006DDE64 /* 6 - la raccolta fondi.png */ = {isa = PBXFileReference; lastKnownFileType = image.png; path = "6 - la raccolta fondi.png"; sourceTree = "<group>"; };
		B439E01216F1DB5C006DDE64 /* 7 - nasce una nuova azienda.png */ = {isa = PBXFileReference; lastKnownFileType = image.png; path = "7 - nasce una nuova azienda.png"; sourceTree = "<group>"; };
		B439E01316F1DB5C006DDE64 /* 8 - un mondo migliore.png */ = {isa = PBXFileReference; lastKnownFileType = image.png; path = "8 - un mondo migliore.png"; sourceTree = "<group>"; };
		B439E01416F1DB5C006DDE64 /* 9 - imprenditori si diventa.png */ = {isa = PBXFileReference; lastKnownFileType = image.png; path = "9 - imprenditori si diventa.png"; sourceTree = "<group>"; };
		FC45A86416C0270A00D8F29C /* infoViewController.h */ = {isa = PBXFileReference; fileEncoding = 4; lastKnownFileType = sourcecode.c.h; path = infoViewController.h; sourceTree = "<group>"; };
		FC45A86516C0270A00D8F29C /* infoViewController.m */ = {isa = PBXFileReference; fileEncoding = 4; lastKnownFileType = sourcecode.c.objc; path = infoViewController.m; sourceTree = "<group>"; };
		FC6AB74E16BFE47A00D41728 /* Com-Unity.app */ = {isa = PBXFileReference; explicitFileType = wrapper.application; includeInIndex = 0; path = "Com-Unity.app"; sourceTree = BUILT_PRODUCTS_DIR; };
		FC6AB75116BFE47A00D41728 /* UIKit.framework */ = {isa = PBXFileReference; lastKnownFileType = wrapper.framework; name = UIKit.framework; path = System/Library/Frameworks/UIKit.framework; sourceTree = SDKROOT; };
		FC6AB75316BFE47A00D41728 /* Foundation.framework */ = {isa = PBXFileReference; lastKnownFileType = wrapper.framework; name = Foundation.framework; path = System/Library/Frameworks/Foundation.framework; sourceTree = SDKROOT; };
		FC6AB75516BFE47A00D41728 /* CoreGraphics.framework */ = {isa = PBXFileReference; lastKnownFileType = wrapper.framework; name = CoreGraphics.framework; path = System/Library/Frameworks/CoreGraphics.framework; sourceTree = SDKROOT; };
		FC6AB75916BFE47A00D41728 /* Com-Unity-Info.plist */ = {isa = PBXFileReference; lastKnownFileType = text.plist.xml; path = "Com-Unity-Info.plist"; sourceTree = "<group>"; };
		FC6AB75B16BFE47A00D41728 /* en */ = {isa = PBXFileReference; lastKnownFileType = text.plist.strings; name = en; path = en.lproj/InfoPlist.strings; sourceTree = "<group>"; };
		FC6AB75D16BFE47A00D41728 /* main.m */ = {isa = PBXFileReference; lastKnownFileType = sourcecode.c.objc; path = main.m; sourceTree = "<group>"; };
		FC6AB75F16BFE47A00D41728 /* Com-Unity-Prefix.pch */ = {isa = PBXFileReference; lastKnownFileType = sourcecode.c.h; path = "Com-Unity-Prefix.pch"; sourceTree = "<group>"; };
		FC6AB76016BFE47A00D41728 /* AppDelegate.h */ = {isa = PBXFileReference; lastKnownFileType = sourcecode.c.h; path = AppDelegate.h; sourceTree = "<group>"; };
		FC6AB76116BFE47A00D41728 /* AppDelegate.m */ = {isa = PBXFileReference; lastKnownFileType = sourcecode.c.objc; path = AppDelegate.m; sourceTree = "<group>"; };
		FC6AB76316BFE47A00D41728 /* Default.png */ = {isa = PBXFileReference; lastKnownFileType = image.png; path = Default.png; sourceTree = "<group>"; };
		FC6AB76516BFE47A00D41728 /* Default@2x.png */ = {isa = PBXFileReference; lastKnownFileType = image.png; path = "Default@2x.png"; sourceTree = "<group>"; };
		FC6AB76716BFE47A00D41728 /* Default-568h@2x.png */ = {isa = PBXFileReference; lastKnownFileType = image.png; path = "Default-568h@2x.png"; sourceTree = "<group>"; };
		FC6AB76A16BFE47A00D41728 /* en */ = {isa = PBXFileReference; lastKnownFileType = file.storyboard; name = en; path = en.lproj/MainStoryboard_iPhone.storyboard; sourceTree = "<group>"; };
		FC6AB76D16BFE47A00D41728 /* en */ = {isa = PBXFileReference; lastKnownFileType = file.storyboard; name = en; path = en.lproj/MainStoryboard_iPad.storyboard; sourceTree = "<group>"; };
		FC6AB78216BFE5E900D41728 /* webViewController.h */ = {isa = PBXFileReference; fileEncoding = 4; lastKnownFileType = sourcecode.c.h; path = webViewController.h; sourceTree = "<group>"; };
		FC6AB78316BFE5E900D41728 /* webViewController.m */ = {isa = PBXFileReference; fileEncoding = 4; lastKnownFileType = sourcecode.c.objc; path = webViewController.m; sourceTree = "<group>"; };
		FC6AB78516BFE87900D41728 /* IDCNews.png */ = {isa = PBXFileReference; lastKnownFileType = image.png; path = IDCNews.png; sourceTree = "<group>"; };
		FC9B9B7016C10C7600B68E6D /* ipad@x2.png */ = {isa = PBXFileReference; lastKnownFileType = image.png; path = "ipad@x2.png"; sourceTree = "<group>"; };
		FC9B9B7216C10C7D00B68E6D /* ipad_icon.png */ = {isa = PBXFileReference; lastKnownFileType = image.png; path = ipad_icon.png; sourceTree = "<group>"; };
		FC9B9B7416C10CB600B68E6D /* iphone_icon.png */ = {isa = PBXFileReference; lastKnownFileType = image.png; path = iphone_icon.png; sourceTree = "<group>"; };
		FC9B9B7616C10D6100B68E6D /* iphone@x2.png */ = {isa = PBXFileReference; lastKnownFileType = image.png; path = "iphone@x2.png"; sourceTree = "<group>"; };
		FC9B9B7816C10EE200B68E6D /* Default-Portrait@2x~ipad.png */ = {isa = PBXFileReference; lastKnownFileType = image.png; path = "Default-Portrait@2x~ipad.png"; sourceTree = "<group>"; };
		FC9B9B7A16C10EE700B68E6D /* Default-Landscape~ipad.png */ = {isa = PBXFileReference; lastKnownFileType = image.png; path = "Default-Landscape~ipad.png"; sourceTree = "<group>"; };
		FC9B9B7C16C10EF700B68E6D /* Default-Portrait~ipad.png */ = {isa = PBXFileReference; lastKnownFileType = image.png; path = "Default-Portrait~ipad.png"; sourceTree = "<group>"; };
		FC9B9B7E16C10F0200B68E6D /* Default-Landscape@2x~ipad.png */ = {isa = PBXFileReference; lastKnownFileType = image.png; path = "Default-Landscape@2x~ipad.png"; sourceTree = "<group>"; };
		FC9B9B8616C110E900B68E6D /* bannerino.png */ = {isa = PBXFileReference; lastKnownFileType = image.png; path = bannerino.png; sourceTree = "<group>"; };
		FC9B9B8816C113D500B68E6D /* icona_info.png */ = {isa = PBXFileReference; lastKnownFileType = image.png; path = icona_info.png; sourceTree = "<group>"; };
		FC9B9B8A16C113DC00B68E6D /* icona_play.png */ = {isa = PBXFileReference; lastKnownFileType = image.png; path = icona_play.png; sourceTree = "<group>"; };
		FC9B9B8C16C1170C00B68E6D /* playViewController.h */ = {isa = PBXFileReference; fileEncoding = 4; lastKnownFileType = sourcecode.c.h; path = playViewController.h; sourceTree = "<group>"; };
		FC9B9B8D16C1170C00B68E6D /* playViewController.m */ = {isa = PBXFileReference; fileEncoding = 4; lastKnownFileType = sourcecode.c.objc; path = playViewController.m; sourceTree = "<group>"; };
		FC9B9B8F16C1172300B68E6D /* cellaView.h */ = {isa = PBXFileReference; fileEncoding = 4; lastKnownFileType = sourcecode.c.h; path = cellaView.h; sourceTree = "<group>"; };
		FC9B9B9016C1172300B68E6D /* cellaView.m */ = {isa = PBXFileReference; fileEncoding = 4; lastKnownFileType = sourcecode.c.objc; path = cellaView.m; sourceTree = "<group>"; };
		FC9B9B9C16C1391400B68E6D /* Default@2x.png */ = {isa = PBXFileReference; lastKnownFileType = image.png; path = "Default@2x.png"; sourceTree = "<group>"; };
		FC9B9B9E16C1391D00B68E6D /* Default-568h@2x.png */ = {isa = PBXFileReference; lastKnownFileType = image.png; path = "Default-568h@2x.png"; sourceTree = "<group>"; };
		FC9B9BA016C1393500B68E6D /* Default.png */ = {isa = PBXFileReference; lastKnownFileType = image.png; path = Default.png; sourceTree = "<group>"; };
		FCAEF32116F23315009C94F7 /* Smammas.mp4 */ = {isa = PBXFileReference; lastKnownFileType = file; path = Smammas.mp4; sourceTree = "<group>"; };
		FCAEF32316F23360009C94F7 /* MediaPlayer.framework */ = {isa = PBXFileReference; lastKnownFileType = wrapper.framework; name = MediaPlayer.framework; path = System/Library/Frameworks/MediaPlayer.framework; sourceTree = SDKROOT; };
		FCAEF32516F233D3009C94F7 /* videoViewController.h */ = {isa = PBXFileReference; fileEncoding = 4; lastKnownFileType = sourcecode.c.h; path = videoViewController.h; sourceTree = "<group>"; };
		FCAEF32616F233D3009C94F7 /* videoViewController.m */ = {isa = PBXFileReference; fileEncoding = 4; lastKnownFileType = sourcecode.c.objc; path = videoViewController.m; sourceTree = "<group>"; };
		FCD7FECE16EF9EBA00102C77 /* startup.plist */ = {isa = PBXFileReference; fileEncoding = 4; lastKnownFileType = text.plist.xml; path = startup.plist; sourceTree = "<group>"; };
		FCEFF7AE16C15D9000FCDECC /* dettaglioViewController.h */ = {isa = PBXFileReference; fileEncoding = 4; lastKnownFileType = sourcecode.c.h; path = dettaglioViewController.h; sourceTree = "<group>"; };
		FCEFF7AF16C15D9000FCDECC /* dettaglioViewController.m */ = {isa = PBXFileReference; fileEncoding = 4; lastKnownFileType = sourcecode.c.objc; path = dettaglioViewController.m; sourceTree = "<group>"; };
		FCFA1CD516F220C900F1D702 /* bannerinfo.png */ = {isa = PBXFileReference; lastKnownFileType = image.png; path = bannerinfo.png; sourceTree = "<group>"; };
		FCFA1CD716F220D000F1D702 /* BarreLati.png */ = {isa = PBXFileReference; lastKnownFileType = image.png; path = BarreLati.png; sourceTree = "<group>"; };
		FCFA1CD916F220DA00F1D702 /* iniziapartita.png */ = {isa = PBXFileReference; lastKnownFileType = image.png; path = iniziapartita.png; sourceTree = "<group>"; };
		FCFA1CDB16F220E200F1D702 /* Quadrato_sfondo.png */ = {isa = PBXFileReference; lastKnownFileType = image.png; path = Quadrato_sfondo.png; sourceTree = "<group>"; };
/* End PBXFileReference section */

/* Begin PBXFrameworksBuildPhase section */
		FC6AB74B16BFE47A00D41728 /* Frameworks */ = {
			isa = PBXFrameworksBuildPhase;
			buildActionMask = 2147483647;
			files = (
				FCAEF32416F23360009C94F7 /* MediaPlayer.framework in Frameworks */,
				FC6AB75216BFE47A00D41728 /* UIKit.framework in Frameworks */,
				FC6AB75416BFE47A00D41728 /* Foundation.framework in Frameworks */,
				FC6AB75616BFE47A00D41728 /* CoreGraphics.framework in Frameworks */,
			);
			runOnlyForDeploymentPostprocessing = 0;
		};
/* End PBXFrameworksBuildPhase section */

/* Begin PBXGroup section */
		FC6AB74516BFE47A00D41728 = {
			isa = PBXGroup;
			children = (
				FC9B9BA016C1393500B68E6D /* Default.png */,
				FC9B9B9E16C1391D00B68E6D /* Default-568h@2x.png */,
				FC9B9B9C16C1391400B68E6D /* Default@2x.png */,
				FC9B9B7E16C10F0200B68E6D /* Default-Landscape@2x~ipad.png */,
				FC9B9B7C16C10EF700B68E6D /* Default-Portrait~ipad.png */,
				FC9B9B7A16C10EE700B68E6D /* Default-Landscape~ipad.png */,
				FC9B9B7816C10EE200B68E6D /* Default-Portrait@2x~ipad.png */,
				FC9B9B7616C10D6100B68E6D /* iphone@x2.png */,
				FC9B9B7416C10CB600B68E6D /* iphone_icon.png */,
				FC9B9B7216C10C7D00B68E6D /* ipad_icon.png */,
				FC9B9B7016C10C7600B68E6D /* ipad@x2.png */,
				FC6AB75716BFE47A00D41728 /* Com-Unity */,
				FC6AB75016BFE47A00D41728 /* Frameworks */,
				FC6AB74F16BFE47A00D41728 /* Products */,
			);
			sourceTree = "<group>";
		};
		FC6AB74F16BFE47A00D41728 /* Products */ = {
			isa = PBXGroup;
			children = (
				FC6AB74E16BFE47A00D41728 /* Com-Unity.app */,
			);
			name = Products;
			sourceTree = "<group>";
		};
		FC6AB75016BFE47A00D41728 /* Frameworks */ = {
			isa = PBXGroup;
			children = (
				FCAEF32316F23360009C94F7 /* MediaPlayer.framework */,
				FC6AB75116BFE47A00D41728 /* UIKit.framework */,
				FC6AB75316BFE47A00D41728 /* Foundation.framework */,
				FC6AB75516BFE47A00D41728 /* CoreGraphics.framework */,
			);
			name = Frameworks;
			sourceTree = "<group>";
		};
		FC6AB75716BFE47A00D41728 /* Com-Unity */ = {
			isa = PBXGroup;
			children = (
				FC6AB76016BFE47A00D41728 /* AppDelegate.h */,
				FC6AB76116BFE47A00D41728 /* AppDelegate.m */,
				FC6AB76916BFE47A00D41728 /* MainStoryboard_iPhone.storyboard */,
				FC6AB76C16BFE47A00D41728 /* MainStoryboard_iPad.storyboard */,
				FC6AB78216BFE5E900D41728 /* webViewController.h */,
				FC6AB78316BFE5E900D41728 /* webViewController.m */,
				FC45A86416C0270A00D8F29C /* infoViewController.h */,
				FC45A86516C0270A00D8F29C /* infoViewController.m */,
				FCAEF32516F233D3009C94F7 /* videoViewController.h */,
				FCAEF32616F233D3009C94F7 /* videoViewController.m */,
				FC9B9B8C16C1170C00B68E6D /* playViewController.h */,
				FC9B9B8D16C1170C00B68E6D /* playViewController.m */,
				FC9B9B8F16C1172300B68E6D /* cellaView.h */,
				FC9B9B9016C1172300B68E6D /* cellaView.m */,
				FCEFF7AE16C15D9000FCDECC /* dettaglioViewController.h */,
				FCEFF7AF16C15D9000FCDECC /* dettaglioViewController.m */,
				FCD7FECE16EF9EBA00102C77 /* startup.plist */,
				FCFA1CD516F220C900F1D702 /* bannerinfo.png */,
				FCFA1CDB16F220E200F1D702 /* Quadrato_sfondo.png */,
				FCFA1CD916F220DA00F1D702 /* iniziapartita.png */,
				FCFA1CD716F220D000F1D702 /* BarreLati.png */,
				FCAEF32116F23315009C94F7 /* Smammas.mp4 */,
				B439E00C16F1DB5C006DDE64 /* 1 - una storia come tante.png */,
				B439E00D16F1DB5C006DDE64 /* 2 - l'idea.png */,
				B439E00E16F1DB5C006DDE64 /* 3 - gli ostacoli.png */,
				B439E00F16F1DB5C006DDE64 /* 4 - Com-Unity.png */,
				B439E01016F1DB5C006DDE64 /* 5 - il progetto.png */,
				B439E01116F1DB5C006DDE64 /* 6 - la raccolta fondi.png */,
				B439E01216F1DB5C006DDE64 /* 7 - nasce una nuova azienda.png */,
				B439E01316F1DB5C006DDE64 /* 8 - un mondo migliore.png */,
				B439E01416F1DB5C006DDE64 /* 9 - imprenditori si diventa.png */,
				FC9B9B8A16C113DC00B68E6D /* icona_play.png */,
				FC9B9B8816C113D500B68E6D /* icona_info.png */,
				FC9B9B8616C110E900B68E6D /* bannerino.png */,
				FC6AB78516BFE87900D41728 /* IDCNews.png */,
				FC6AB75816BFE47A00D41728 /* Supporting Files */,
			);
			path = "Com-Unity";
			sourceTree = "<group>";
		};
		FC6AB75816BFE47A00D41728 /* Supporting Files */ = {
			isa = PBXGroup;
			children = (
				FC6AB75916BFE47A00D41728 /* Com-Unity-Info.plist */,
				FC6AB75A16BFE47A00D41728 /* InfoPlist.strings */,
				FC6AB75D16BFE47A00D41728 /* main.m */,
				FC6AB75F16BFE47A00D41728 /* Com-Unity-Prefix.pch */,
				FC6AB76316BFE47A00D41728 /* Default.png */,
				FC6AB76516BFE47A00D41728 /* Default@2x.png */,
				FC6AB76716BFE47A00D41728 /* Default-568h@2x.png */,
			);
			name = "Supporting Files";
			sourceTree = "<group>";
		};
/* End PBXGroup section */

/* Begin PBXNativeTarget section */
		FC6AB74D16BFE47A00D41728 /* Com-Unity */ = {
			isa = PBXNativeTarget;
			buildConfigurationList = FC6AB77F16BFE47B00D41728 /* Build configuration list for PBXNativeTarget "Com-Unity" */;
			buildPhases = (
				FC6AB74A16BFE47A00D41728 /* Sources */,
				FC6AB74B16BFE47A00D41728 /* Frameworks */,
				FC6AB74C16BFE47A00D41728 /* Resources */,
			);
			buildRules = (
			);
			dependencies = (
			);
			name = "Com-Unity";
			productName = "Com-Unity";
			productReference = FC6AB74E16BFE47A00D41728 /* Com-Unity.app */;
			productType = "com.apple.product-type.application";
		};
/* End PBXNativeTarget section */

/* Begin PBXProject section */
		FC6AB74616BFE47A00D41728 /* Project object */ = {
			isa = PBXProject;
			attributes = {
				LastUpgradeCheck = 0460;
				ORGANIZATIONNAME = "Viviana Liuni";
			};
			buildConfigurationList = FC6AB74916BFE47A00D41728 /* Build configuration list for PBXProject "Com-Unity" */;
			compatibilityVersion = "Xcode 3.2";
			developmentRegion = English;
			hasScannedForEncodings = 0;
			knownRegions = (
				en,
			);
			mainGroup = FC6AB74516BFE47A00D41728;
			productRefGroup = FC6AB74F16BFE47A00D41728 /* Products */;
			projectDirPath = "";
			projectRoot = "";
			targets = (
				FC6AB74D16BFE47A00D41728 /* Com-Unity */,
			);
		};
/* End PBXProject section */

/* Begin PBXResourcesBuildPhase section */
		FC6AB74C16BFE47A00D41728 /* Resources */ = {
			isa = PBXResourcesBuildPhase;
			buildActionMask = 2147483647;
			files = (
				FC6AB75C16BFE47A00D41728 /* InfoPlist.strings in Resources */,
				FC6AB76B16BFE47A00D41728 /* MainStoryboard_iPhone.storyboard in Resources */,
				FC6AB76E16BFE47A00D41728 /* MainStoryboard_iPad.storyboard in Resources */,
				FC6AB78616BFE87900D41728 /* IDCNews.png in Resources */,
				FC9B9B7116C10C7600B68E6D /* ipad@x2.png in Resources */,
				FC9B9B7316C10C7D00B68E6D /* ipad_icon.png in Resources */,
				FC9B9B7516C10CB600B68E6D /* iphone_icon.png in Resources */,
				FC9B9B7716C10D6100B68E6D /* iphone@x2.png in Resources */,
				FC9B9B7916C10EE200B68E6D /* Default-Portrait@2x~ipad.png in Resources */,
				FC9B9B7B16C10EE700B68E6D /* Default-Landscape~ipad.png in Resources */,
				FC9B9B7D16C10EF700B68E6D /* Default-Portrait~ipad.png in Resources */,
				FC9B9B7F16C10F0200B68E6D /* Default-Landscape@2x~ipad.png in Resources */,
				FC9B9B8716C110E900B68E6D /* bannerino.png in Resources */,
				FC9B9B8916C113D500B68E6D /* icona_info.png in Resources */,
				FC9B9B8B16C113DC00B68E6D /* icona_play.png in Resources */,
				FC9B9BA116C1393500B68E6D /* Default.png in Resources */,
				FC9B9BA216C1393D00B68E6D /* Default@2x.png in Resources */,
				FC9B9BA316C1394400B68E6D /* Default-568h@2x.png in Resources */,
				FCD7FECF16EF9EBA00102C77 /* startup.plist in Resources */,
				B439E01516F1DB5C006DDE64 /* 1 - una storia come tante.png in Resources */,
				B439E01616F1DB5C006DDE64 /* 2 - l'idea.png in Resources */,
				B439E01716F1DB5C006DDE64 /* 3 - gli ostacoli.png in Resources */,
				B439E01816F1DB5C006DDE64 /* 4 - Com-Unity.png in Resources */,
				B439E01916F1DB5C006DDE64 /* 5 - il progetto.png in Resources */,
				B439E01A16F1DB5C006DDE64 /* 6 - la raccolta fondi.png in Resources */,
				B439E01B16F1DB5C006DDE64 /* 7 - nasce una nuova azienda.png in Resources */,
				B439E01C16F1DB5C006DDE64 /* 8 - un mondo migliore.png in Resources */,
				B439E01D16F1DB5C006DDE64 /* 9 - imprenditori si diventa.png in Resources */,
				FCFA1CD616F220C900F1D702 /* bannerinfo.png in Resources */,
				FCFA1CD816F220D000F1D702 /* BarreLati.png in Resources */,
				FCFA1CDA16F220DA00F1D702 /* iniziapartita.png in Resources */,
				FCFA1CDC16F220E200F1D702 /* Quadrato_sfondo.png in Resources */,
				FCAEF32216F23315009C94F7 /* Smammas.mp4 in Resources */,
			);
			runOnlyForDeploymentPostprocessing = 0;
		};
/* End PBXResourcesBuildPhase section */

/* Begin PBXSourcesBuildPhase section */
		FC6AB74A16BFE47A00D41728 /* Sources */ = {
			isa = PBXSourcesBuildPhase;
			buildActionMask = 2147483647;
			files = (
				FC6AB75E16BFE47A00D41728 /* main.m in Sources */,
				FC6AB76216BFE47A00D41728 /* AppDelegate.m in Sources */,
				FC6AB78416BFE5E900D41728 /* webViewController.m in Sources */,
				FC45A86616C0270A00D8F29C /* infoViewController.m in Sources */,
				FC9B9B8E16C1170C00B68E6D /* playViewController.m in Sources */,
				FC9B9B9116C1172300B68E6D /* cellaView.m in Sources */,
				FCEFF7B016C15D9000FCDECC /* dettaglioViewController.m in Sources */,
				FCAEF32716F233D3009C94F7 /* videoViewController.m in Sources */,
			);
			runOnlyForDeploymentPostprocessing = 0;
		};
/* End PBXSourcesBuildPhase section */

/* Begin PBXVariantGroup section */
		FC6AB75A16BFE47A00D41728 /* InfoPlist.strings */ = {
			isa = PBXVariantGroup;
			children = (
				FC6AB75B16BFE47A00D41728 /* en */,
			);
			name = InfoPlist.strings;
			sourceTree = "<group>";
		};
		FC6AB76916BFE47A00D41728 /* MainStoryboard_iPhone.storyboard */ = {
			isa = PBXVariantGroup;
			children = (
				FC6AB76A16BFE47A00D41728 /* en */,
			);
			name = MainStoryboard_iPhone.storyboard;
			sourceTree = "<group>";
		};
		FC6AB76C16BFE47A00D41728 /* MainStoryboard_iPad.storyboard */ = {
			isa = PBXVariantGroup;
			children = (
				FC6AB76D16BFE47A00D41728 /* en */,
			);
			name = MainStoryboard_iPad.storyboard;
			sourceTree = "<group>";
		};
/* End PBXVariantGroup section */

/* Begin XCBuildConfiguration section */
		FC67791716EFE07300B93C69 /* Distribution */ = {
			isa = XCBuildConfiguration;
			buildSettings = {
				ALWAYS_SEARCH_USER_PATHS = NO;
				CLANG_CXX_LANGUAGE_STANDARD = "gnu++0x";
				CLANG_CXX_LIBRARY = "libc++";
				CLANG_WARN_CONSTANT_CONVERSION = YES;
				CLANG_WARN_EMPTY_BODY = YES;
				CLANG_WARN_ENUM_CONVERSION = YES;
				CLANG_WARN_INT_CONVERSION = YES;
				CLANG_WARN__DUPLICATE_METHOD_MATCH = YES;
				CODE_SIGN_IDENTITY = "";
				"CODE_SIGN_IDENTITY[sdk=iphoneos*]" = "iPhone Developer";
				COPY_PHASE_STRIP = YES;
				GCC_C_LANGUAGE_STANDARD = gnu99;
				GCC_WARN_ABOUT_RETURN_TYPE = YES;
				GCC_WARN_UNINITIALIZED_AUTOS = YES;
				GCC_WARN_UNUSED_VARIABLE = YES;
				IPHONEOS_DEPLOYMENT_TARGET = 5.0;
				OTHER_CFLAGS = "-DNS_BLOCK_ASSERTIONS=1";
				SDKROOT = iphoneos;
				TARGETED_DEVICE_FAMILY = "1,2";
				VALIDATE_PRODUCT = YES;
			};
			name = Distribution;
		};
		FC67791816EFE07300B93C69 /* Distribution */ = {
			isa = XCBuildConfiguration;
			buildSettings = {
				GCC_PRECOMPILE_PREFIX_HEADER = YES;
				GCC_PREFIX_HEADER = "Com-Unity/Com-Unity-Prefix.pch";
				INFOPLIST_FILE = "Com-Unity/Com-Unity-Info.plist";
				IPHONEOS_DEPLOYMENT_TARGET = 5.0;
				PRODUCT_NAME = "$(TARGET_NAME)";
				TARGETED_DEVICE_FAMILY = 1;
				WRAPPER_EXTENSION = app;
			};
			name = Distribution;
		};
		FC6AB77D16BFE47B00D41728 /* Debug */ = {
			isa = XCBuildConfiguration;
			buildSettings = {
				ALWAYS_SEARCH_USER_PATHS = NO;
				CLANG_CXX_LANGUAGE_STANDARD = "gnu++0x";
				CLANG_CXX_LIBRARY = "libc++";
				CLANG_WARN_CONSTANT_CONVERSION = YES;
				CLANG_WARN_EMPTY_BODY = YES;
				CLANG_WARN_ENUM_CONVERSION = YES;
				CLANG_WARN_INT_CONVERSION = YES;
				CLANG_WARN__DUPLICATE_METHOD_MATCH = YES;
				CODE_SIGN_IDENTITY = "";
				"CODE_SIGN_IDENTITY[sdk=iphoneos*]" = "iPhone Developer: Viviana Liuni (3EPFZ93E88)";
				COPY_PHASE_STRIP = NO;
				GCC_C_LANGUAGE_STANDARD = gnu99;
				GCC_DYNAMIC_NO_PIC = NO;
				GCC_OPTIMIZATION_LEVEL = 0;
				GCC_PREPROCESSOR_DEFINITIONS = (
					"DEBUG=1",
					"$(inherited)",
				);
				GCC_SYMBOLS_PRIVATE_EXTERN = NO;
				GCC_WARN_ABOUT_RETURN_TYPE = YES;
				GCC_WARN_UNINITIALIZED_AUTOS = YES;
				GCC_WARN_UNUSED_VARIABLE = YES;
				IPHONEOS_DEPLOYMENT_TARGET = 5.0;
				ONLY_ACTIVE_ARCH = YES;
				"PROVISIONING_PROFILE[sdk=iphoneos*]" = "9D104108-1672-4D5D-9485-F880E7E87F32";
				SDKROOT = iphoneos;
				TARGETED_DEVICE_FAMILY = "1,2";
			};
			name = Debug;
		};
		FC6AB77E16BFE47B00D41728 /* Release */ = {
			isa = XCBuildConfiguration;
			buildSettings = {
				ALWAYS_SEARCH_USER_PATHS = NO;
				CLANG_CXX_LANGUAGE_STANDARD = "gnu++0x";
				CLANG_CXX_LIBRARY = "libc++";
				CLANG_WARN_CONSTANT_CONVERSION = YES;
				CLANG_WARN_EMPTY_BODY = YES;
				CLANG_WARN_ENUM_CONVERSION = YES;
				CLANG_WARN_INT_CONVERSION = YES;
				CLANG_WARN__DUPLICATE_METHOD_MATCH = YES;
				CODE_SIGN_IDENTITY = "";
				"CODE_SIGN_IDENTITY[sdk=iphoneos*]" = "iPhone Developer: Viviana Liuni (3EPFZ93E88)";
				COPY_PHASE_STRIP = YES;
				GCC_C_LANGUAGE_STANDARD = gnu99;
				GCC_WARN_ABOUT_RETURN_TYPE = YES;
				GCC_WARN_UNINITIALIZED_AUTOS = YES;
				GCC_WARN_UNUSED_VARIABLE = YES;
				IPHONEOS_DEPLOYMENT_TARGET = 5.0;
				OTHER_CFLAGS = "-DNS_BLOCK_ASSERTIONS=1";
				"PROVISIONING_PROFILE[sdk=iphoneos*]" = "9D104108-1672-4D5D-9485-F880E7E87F32";
				SDKROOT = iphoneos;
				TARGETED_DEVICE_FAMILY = "1,2";
				VALIDATE_PRODUCT = YES;
			};
			name = Release;
		};
		FC6AB78016BFE47B00D41728 /* Debug */ = {
			isa = XCBuildConfiguration;
			buildSettings = {
				GCC_PRECOMPILE_PREFIX_HEADER = YES;
				GCC_PREFIX_HEADER = "Com-Unity/Com-Unity-Prefix.pch";
				INFOPLIST_FILE = "Com-Unity/Com-Unity-Info.plist";
				IPHONEOS_DEPLOYMENT_TARGET = 5.0;
				PRODUCT_NAME = "$(TARGET_NAME)";
				TARGETED_DEVICE_FAMILY = 1;
				WRAPPER_EXTENSION = app;
			};
			name = Debug;
		};
		FC6AB78116BFE47B00D41728 /* Release */ = {
			isa = XCBuildConfiguration;
			buildSettings = {
				GCC_PRECOMPILE_PREFIX_HEADER = YES;
				GCC_PREFIX_HEADER = "Com-Unity/Com-Unity-Prefix.pch";
				INFOPLIST_FILE = "Com-Unity/Com-Unity-Info.plist";
				IPHONEOS_DEPLOYMENT_TARGET = 5.0;
				PRODUCT_NAME = "$(TARGET_NAME)";
				TARGETED_DEVICE_FAMILY = 1;
				WRAPPER_EXTENSION = app;
			};
			name = Release;
		};
/* End XCBuildConfiguration section */

/* Begin XCConfigurationList section */
		FC6AB74916BFE47A00D41728 /* Build configuration list for PBXProject "Com-Unity" */ = {
			isa = XCConfigurationList;
			buildConfigurations = (
				FC6AB77D16BFE47B00D41728 /* Debug */,
				FC6AB77E16BFE47B00D41728 /* Release */,
				FC67791716EFE07300B93C69 /* Distribution */,
			);
			defaultConfigurationIsVisible = 0;
			defaultConfigurationName = Release;
		};
		FC6AB77F16BFE47B00D41728 /* Build configuration list for PBXNativeTarget "Com-Unity" */ = {
			isa = XCConfigurationList;
			buildConfigurations = (
				FC6AB78016BFE47B00D41728 /* Debug */,
				FC6AB78116BFE47B00D41728 /* Release */,
				FC67791816EFE07300B93C69 /* Distribution */,
			);
			defaultConfigurationIsVisible = 0;
			defaultConfigurationName = Release;
		};
/* End XCConfigurationList section */
	};
	rootObject = FC6AB74616BFE47A00D41728 /* Project object */;
}
