// !$*UTF8*$!
{
	archiveVersion = 1;
	classes = {
	};
	objectVersion = 46;
	objects = {

/* Begin PBXBuildFile section */
		FC6AB75216BFE47A00D41728 /* UIKit.framework in Frameworks */ = {isa = PBXBuildFile; fileRef = FC6AB75116BFE47A00D41728 /* UIKit.framework */; };
		FC6AB75416BFE47A00D41728 /* Foundation.framework in Frameworks */ = {isa = PBXBuildFile; fileRef = FC6AB75316BFE47A00D41728 /* Foundation.framework */; };
		FC6AB75616BFE47A00D41728 /* CoreGraphics.framework in Frameworks */ = {isa = PBXBuildFile; fileRef = FC6AB75516BFE47A00D41728 /* CoreGraphics.framework */; };
		FC6AB75C16BFE47A00D41728 /* InfoPlist.strings in Resources */ = {isa = PBXBuildFile; fileRef = FC6AB75A16BFE47A00D41728 /* InfoPlist.strings */; };
		FC6AB75E16BFE47A00D41728 /* main.m in Sources */ = {isa = PBXBuildFile; fileRef = FC6AB75D16BFE47A00D41728 /* main.m */; };
		FC6AB76216BFE47A00D41728 /* AppDelegate.m in Sources */ = {isa = PBXBuildFile; fileRef = FC6AB76116BFE47A00D41728 /* AppDelegate.m */; };
		FC6AB76416BFE47A00D41728 /* Default.png in Resources */ = {isa = PBXBuildFile; fileRef = FC6AB76316BFE47A00D41728 /* Default.png */; };
		FC6AB76616BFE47A00D41728 /* Default@2x.png in Resources */ = {isa = PBXBuildFile; fileRef = FC6AB76516BFE47A00D41728 /* Default@2x.png */; };
		FC6AB76816BFE47A00D41728 /* Default-568h@2x.png in Resources */ = {isa = PBXBuildFile; fileRef = FC6AB76716BFE47A00D41728 /* Default-568h@2x.png */; };
		FC6AB76B16BFE47A00D41728 /* MainStoryboard_iPhone.storyboard in Resources */ = {isa = PBXBuildFile; fileRef = FC6AB76916BFE47A00D41728 /* MainStoryboard_iPhone.storyboard */; };
		FC6AB76E16BFE47A00D41728 /* MainStoryboard_iPad.storyboard in Resources */ = {isa = PBXBuildFile; fileRef = FC6AB76C16BFE47A00D41728 /* MainStoryboard_iPad.storyboard */; };
		FC6AB77116BFE47A00D41728 /* FirstViewController.m in Sources */ = {isa = PBXBuildFile; fileRef = FC6AB77016BFE47A00D41728 /* FirstViewController.m */; };
		FC6AB77316BFE47A00D41728 /* first.png in Resources */ = {isa = PBXBuildFile; fileRef = FC6AB77216BFE47A00D41728 /* first.png */; };
		FC6AB77516BFE47A00D41728 /* first@2x.png in Resources */ = {isa = PBXBuildFile; fileRef = FC6AB77416BFE47A00D41728 /* first@2x.png */; };
		FC6AB77816BFE47A00D41728 /* SecondViewController.m in Sources */ = {isa = PBXBuildFile; fileRef = FC6AB77716BFE47A00D41728 /* SecondViewController.m */; };
		FC6AB77A16BFE47B00D41728 /* second.png in Resources */ = {isa = PBXBuildFile; fileRef = FC6AB77916BFE47B00D41728 /* second.png */; };
		FC6AB77C16BFE47B00D41728 /* second@2x.png in Resources */ = {isa = PBXBuildFile; fileRef = FC6AB77B16BFE47B00D41728 /* second@2x.png */; };
/* End PBXBuildFile section */

/* Begin PBXFileReference section */
		FC6AB74E16BFE47A00D41728 /* Com-Unity.app */ = {isa = PBXFileReference; explicitFileType = wrapper.application; includeInIndex = 0; path = "Com-Unity.app"; sourceTree = BUILT_PRODUCTS_DIR; };
		FC6AB75116BFE47A00D41728 /* UIKit.framework */ = {isa = PBXFileReference; lastKnownFileType = wrapper.framework; name = UIKit.framework; path = System/Library/Frameworks/UIKit.framework; sourceTree = SDKROOT; };
		FC6AB75316BFE47A00D41728 /* Foundation.framework */ = {isa = PBXFileReference; lastKnownFileType = wrapper.framework; name = Foundation.framework; path = System/Library/Frameworks/Foundation.framework; sourceTree = SDKROOT; };
		FC6AB75516BFE47A00D41728 /* CoreGraphics.framework */ = {isa = PBXFileReference; lastKnownFileType = wrapper.framework; name = CoreGraphics.framework; path = System/Library/Frameworks/CoreGraphics.framework; sourceTree = SDKROOT; };
		FC6AB75916BFE47A00D41728 /* Com-Unity-Info.plist */ = {isa = PBXFileReference; lastKnownFileType = text.plist.xml; path = "Com-Unity-Info.plist"; sourceTree = "<group>"; };
		FC6AB75B16BFE47A00D41728 /* en */ = {isa = PBXFileReference; lastKnownFileType = text.plist.strings; name = en; path = en.lproj/InfoPlist.strings; sourceTree = "<group>"; };
		FC6AB75D16BFE47A00D41728 /* main.m */ = {isa = PBXFileReference; lastKnownFileType = sourcecode.c.objc; path = main.m; sourceTree = "<group>"; };
		FC6AB75F16BFE47A00D41728 /* Com-Unity-Prefix.pch */ = {isa = PBXFileReference; lastKnownFileType = sourcecode.c.h; path = "Com-Unity-Prefix.pch"; sourceTree = "<group>"; };
		FC6AB76016BFE47A00D41728 /* AppDelegate.h */ = {isa = PBXFileReference; lastKnownFileType = sourcecode.c.h; path = AppDelegate.h; sourceTree = "<group>"; };
		FC6AB76116BFE47A00D41728 /* AppDelegate.m */ = {isa = PBXFileReference; lastKnownFileType = sourcecode.c.objc; path = AppDelegate.m; sourceTree = "<group>"; };
		FC6AB76316BFE47A00D41728 /* Default.png */ = {isa = PBXFileReference; lastKnownFileType = image.png; path = Default.png; sourceTree = "<group>"; };
		FC6AB76516BFE47A00D41728 /* Default@2x.png */ = {isa = PBXFileReference; lastKnownFileType = image.png; path = "Default@2x.png"; sourceTree = "<group>"; };
		FC6AB76716BFE47A00D41728 /* Default-568h@2x.png */ = {isa = PBXFileReference; lastKnownFileType = image.png; path = "Default-568h@2x.png"; sourceTree = "<group>"; };
		FC6AB76A16BFE47A00D41728 /* en */ = {isa = PBXFileReference; lastKnownFileType = file.storyboard; name = en; path = en.lproj/MainStoryboard_iPhone.storyboard; sourceTree = "<group>"; };
		FC6AB76D16BFE47A00D41728 /* en */ = {isa = PBXFileReference; lastKnownFileType = file.storyboard; name = en; path = en.lproj/MainStoryboard_iPad.storyboard; sourceTree = "<group>"; };
		FC6AB76F16BFE47A00D41728 /* FirstViewController.h */ = {isa = PBXFileReference; lastKnownFileType = sourcecode.c.h; path = FirstViewController.h; sourceTree = "<group>"; };
		FC6AB77016BFE47A00D41728 /* FirstViewController.m */ = {isa = PBXFileReference; lastKnownFileType = sourcecode.c.objc; path = FirstViewController.m; sourceTree = "<group>"; };
		FC6AB77216BFE47A00D41728 /* first.png */ = {isa = PBXFileReference; lastKnownFileType = image.png; path = first.png; sourceTree = "<group>"; };
		FC6AB77416BFE47A00D41728 /* first@2x.png */ = {isa = PBXFileReference; lastKnownFileType = image.png; path = "first@2x.png"; sourceTree = "<group>"; };
		FC6AB77616BFE47A00D41728 /* SecondViewController.h */ = {isa = PBXFileReference; lastKnownFileType = sourcecode.c.h; path = SecondViewController.h; sourceTree = "<group>"; };
		FC6AB77716BFE47A00D41728 /* SecondViewController.m */ = {isa = PBXFileReference; lastKnownFileType = sourcecode.c.objc; path = SecondViewController.m; sourceTree = "<group>"; };
		FC6AB77916BFE47B00D41728 /* second.png */ = {isa = PBXFileReference; lastKnownFileType = image.png; path = second.png; sourceTree = "<group>"; };
		FC6AB77B16BFE47B00D41728 /* second@2x.png */ = {isa = PBXFileReference; lastKnownFileType = image.png; path = "second@2x.png"; sourceTree = "<group>"; };
/* End PBXFileReference section */

/* Begin PBXFrameworksBuildPhase section */
		FC6AB74B16BFE47A00D41728 /* Frameworks */ = {
			isa = PBXFrameworksBuildPhase;
			buildActionMask = 2147483647;
			files = (
				FC6AB75216BFE47A00D41728 /* UIKit.framework in Frameworks */,
				FC6AB75416BFE47A00D41728 /* Foundation.framework in Frameworks */,
				FC6AB75616BFE47A00D41728 /* CoreGraphics.framework in Frameworks */,
			);
			runOnlyForDeploymentPostprocessing = 0;
		};
/* End PBXFrameworksBuildPhase section */

/* Begin PBXGroup section */
		FC6AB74516BFE47A00D41728 = {
			isa = PBXGroup;
			children = (
				FC6AB75716BFE47A00D41728 /* Com-Unity */,
				FC6AB75016BFE47A00D41728 /* Frameworks */,
				FC6AB74F16BFE47A00D41728 /* Products */,
			);
			sourceTree = "<group>";
		};
		FC6AB74F16BFE47A00D41728 /* Products */ = {
			isa = PBXGroup;
			children = (
				FC6AB74E16BFE47A00D41728 /* Com-Unity.app */,
			);
			name = Products;
			sourceTree = "<group>";
		};
		FC6AB75016BFE47A00D41728 /* Frameworks */ = {
			isa = PBXGroup;
			children = (
				FC6AB75116BFE47A00D41728 /* UIKit.framework */,
				FC6AB75316BFE47A00D41728 /* Foundation.framework */,
				FC6AB75516BFE47A00D41728 /* CoreGraphics.framework */,
			);
			name = Frameworks;
			sourceTree = "<group>";
		};
		FC6AB75716BFE47A00D41728 /* Com-Unity */ = {
			isa = PBXGroup;
			children = (
				FC6AB76016BFE47A00D41728 /* AppDelegate.h */,
				FC6AB76116BFE47A00D41728 /* AppDelegate.m */,
				FC6AB76916BFE47A00D41728 /* MainStoryboard_iPhone.storyboard */,
				FC6AB76C16BFE47A00D41728 /* MainStoryboard_iPad.storyboard */,
				FC6AB76F16BFE47A00D41728 /* FirstViewController.h */,
				FC6AB77016BFE47A00D41728 /* FirstViewController.m */,
				FC6AB77216BFE47A00D41728 /* first.png */,
				FC6AB77416BFE47A00D41728 /* first@2x.png */,
				FC6AB77616BFE47A00D41728 /* SecondViewController.h */,
				FC6AB77716BFE47A00D41728 /* SecondViewController.m */,
				FC6AB77916BFE47B00D41728 /* second.png */,
				FC6AB77B16BFE47B00D41728 /* second@2x.png */,
				FC6AB75816BFE47A00D41728 /* Supporting Files */,
			);
			path = "Com-Unity";
			sourceTree = "<group>";
		};
		FC6AB75816BFE47A00D41728 /* Supporting Files */ = {
			isa = PBXGroup;
			children = (
				FC6AB75916BFE47A00D41728 /* Com-Unity-Info.plist */,
				FC6AB75A16BFE47A00D41728 /* InfoPlist.strings */,
				FC6AB75D16BFE47A00D41728 /* main.m */,
				FC6AB75F16BFE47A00D41728 /* Com-Unity-Prefix.pch */,
				FC6AB76316BFE47A00D41728 /* Default.png */,
				FC6AB76516BFE47A00D41728 /* Default@2x.png */,
				FC6AB76716BFE47A00D41728 /* Default-568h@2x.png */,
			);
			name = "Supporting Files";
			sourceTree = "<group>";
		};
/* End PBXGroup section */

/* Begin PBXNativeTarget section */
		FC6AB74D16BFE47A00D41728 /* Com-Unity */ = {
			isa = PBXNativeTarget;
			buildConfigurationList = FC6AB77F16BFE47B00D41728 /* Build configuration list for PBXNativeTarget "Com-Unity" */;
			buildPhases = (
				FC6AB74A16BFE47A00D41728 /* Sources */,
				FC6AB74B16BFE47A00D41728 /* Frameworks */,
				FC6AB74C16BFE47A00D41728 /* Resources */,
			);
			buildRules = (
			);
			dependencies = (
			);
			name = "Com-Unity";
			productName = "Com-Unity";
			productReference = FC6AB74E16BFE47A00D41728 /* Com-Unity.app */;
			productType = "com.apple.product-type.application";
		};
/* End PBXNativeTarget section */

/* Begin PBXProject section */
		FC6AB74616BFE47A00D41728 /* Project object */ = {
			isa = PBXProject;
			attributes = {
				LastUpgradeCheck = 0460;
				ORGANIZATIONNAME = "Viviana Liuni";
			};
			buildConfigurationList = FC6AB74916BFE47A00D41728 /* Build configuration list for PBXProject "Com-Unity" */;
			compatibilityVersion = "Xcode 3.2";
			developmentRegion = English;
			hasScannedForEncodings = 0;
			knownRegions = (
				en,
			);
			mainGroup = FC6AB74516BFE47A00D41728;
			productRefGroup = FC6AB74F16BFE47A00D41728 /* Products */;
			projectDirPath = "";
			projectRoot = "";
			targets = (
				FC6AB74D16BFE47A00D41728 /* Com-Unity */,
			);
		};
/* End PBXProject section */

/* Begin PBXResourcesBuildPhase section */
		FC6AB74C16BFE47A00D41728 /* Resources */ = {
			isa = PBXResourcesBuildPhase;
			buildActionMask = 2147483647;
			files = (
				FC6AB75C16BFE47A00D41728 /* InfoPlist.strings in Resources */,
				FC6AB76416BFE47A00D41728 /* Default.png in Resources */,
				FC6AB76616BFE47A00D41728 /* Default@2x.png in Resources */,
				FC6AB76816BFE47A00D41728 /* Default-568h@2x.png in Resources */,
				FC6AB76B16BFE47A00D41728 /* MainStoryboard_iPhone.storyboard in Resources */,
				FC6AB76E16BFE47A00D41728 /* MainStoryboard_iPad.storyboard in Resources */,
				FC6AB77316BFE47A00D41728 /* first.png in Resources */,
				FC6AB77516BFE47A00D41728 /* first@2x.png in Resources */,
				FC6AB77A16BFE47B00D41728 /* second.png in Resources */,
				FC6AB77C16BFE47B00D41728 /* second@2x.png in Resources */,
			);
			runOnlyForDeploymentPostprocessing = 0;
		};
/* End PBXResourcesBuildPhase section */

/* Begin PBXSourcesBuildPhase section */
		FC6AB74A16BFE47A00D41728 /* Sources */ = {
			isa = PBXSourcesBuildPhase;
			buildActionMask = 2147483647;
			files = (
				FC6AB75E16BFE47A00D41728 /* main.m in Sources */,
				FC6AB76216BFE47A00D41728 /* AppDelegate.m in Sources */,
				FC6AB77116BFE47A00D41728 /* FirstViewController.m in Sources */,
				FC6AB77816BFE47A00D41728 /* SecondViewController.m in Sources */,
			);
			runOnlyForDeploymentPostprocessing = 0;
		};
/* End PBXSourcesBuildPhase section */

/* Begin PBXVariantGroup section */
		FC6AB75A16BFE47A00D41728 /* InfoPlist.strings */ = {
			isa = PBXVariantGroup;
			children = (
				FC6AB75B16BFE47A00D41728 /* en */,
			);
			name = InfoPlist.strings;
			sourceTree = "<group>";
		};
		FC6AB76916BFE47A00D41728 /* MainStoryboard_iPhone.storyboard */ = {
			isa = PBXVariantGroup;
			children = (
				FC6AB76A16BFE47A00D41728 /* en */,
			);
			name = MainStoryboard_iPhone.storyboard;
			sourceTree = "<group>";
		};
		FC6AB76C16BFE47A00D41728 /* MainStoryboard_iPad.storyboard */ = {
			isa = PBXVariantGroup;
			children = (
				FC6AB76D16BFE47A00D41728 /* en */,
			);
			name = MainStoryboard_iPad.storyboard;
			sourceTree = "<group>";
		};
/* End PBXVariantGroup section */

/* Begin XCBuildConfiguration section */
		FC6AB77D16BFE47B00D41728 /* Debug */ = {
			isa = XCBuildConfiguration;
			buildSettings = {
				ALWAYS_SEARCH_USER_PATHS = NO;
				CLANG_CXX_LANGUAGE_STANDARD = "gnu++0x";
				CLANG_CXX_LIBRARY = "libc++";
				CLANG_WARN_CONSTANT_CONVERSION = YES;
				CLANG_WARN_EMPTY_BODY = YES;
				CLANG_WARN_ENUM_CONVERSION = YES;
				CLANG_WARN_INT_CONVERSION = YES;
				CLANG_WARN__DUPLICATE_METHOD_MATCH = YES;
				"CODE_SIGN_IDENTITY[sdk=iphoneos*]" = "iPhone Developer";
				COPY_PHASE_STRIP = NO;
				GCC_C_LANGUAGE_STANDARD = gnu99;
				GCC_DYNAMIC_NO_PIC = NO;
				GCC_OPTIMIZATION_LEVEL = 0;
				GCC_PREPROCESSOR_DEFINITIONS = (
					"DEBUG=1",
					"$(inherited)",
				);
				GCC_SYMBOLS_PRIVATE_EXTERN = NO;
				GCC_WARN_ABOUT_RETURN_TYPE = YES;
				GCC_WARN_UNINITIALIZED_AUTOS = YES;
				GCC_WARN_UNUSED_VARIABLE = YES;
				IPHONEOS_DEPLOYMENT_TARGET = 6.1;
				ONLY_ACTIVE_ARCH = YES;
				SDKROOT = iphoneos;
				TARGETED_DEVICE_FAMILY = "1,2";
			};
			name = Debug;
		};
		FC6AB77E16BFE47B00D41728 /* Release */ = {
			isa = XCBuildConfiguration;
			buildSettings = {
				ALWAYS_SEARCH_USER_PATHS = NO;
				CLANG_CXX_LANGUAGE_STANDARD = "gnu++0x";
				CLANG_CXX_LIBRARY = "libc++";
				CLANG_WARN_CONSTANT_CONVERSION = YES;
				CLANG_WARN_EMPTY_BODY = YES;
				CLANG_WARN_ENUM_CONVERSION = YES;
				CLANG_WARN_INT_CONVERSION = YES;
				CLANG_WARN__DUPLICATE_METHOD_MATCH = YES;
				"CODE_SIGN_IDENTITY[sdk=iphoneos*]" = "iPhone Developer";
				COPY_PHASE_STRIP = YES;
				GCC_C_LANGUAGE_STANDARD = gnu99;
				GCC_WARN_ABOUT_RETURN_TYPE = YES;
				GCC_WARN_UNINITIALIZED_AUTOS = YES;
				GCC_WARN_UNUSED_VARIABLE = YES;
				IPHONEOS_DEPLOYMENT_TARGET = 6.1;
				OTHER_CFLAGS = "-DNS_BLOCK_ASSERTIONS=1";
				SDKROOT = iphoneos;
				TARGETED_DEVICE_FAMILY = "1,2";
				VALIDATE_PRODUCT = YES;
			};
			name = Release;
		};
		FC6AB78016BFE47B00D41728 /* Debug */ = {
			isa = XCBuildConfiguration;
			buildSettings = {
				GCC_PRECOMPILE_PREFIX_HEADER = YES;
				GCC_PREFIX_HEADER = "Com-Unity/Com-Unity-Prefix.pch";
				INFOPLIST_FILE = "Com-Unity/Com-Unity-Info.plist";
				PRODUCT_NAME = "$(TARGET_NAME)";
				WRAPPER_EXTENSION = app;
			};
			name = Debug;
		};
		FC6AB78116BFE47B00D41728 /* Release */ = {
			isa = XCBuildConfiguration;
			buildSettings = {
				GCC_PRECOMPILE_PREFIX_HEADER = YES;
				GCC_PREFIX_HEADER = "Com-Unity/Com-Unity-Prefix.pch";
				INFOPLIST_FILE = "Com-Unity/Com-Unity-Info.plist";
				PRODUCT_NAME = "$(TARGET_NAME)";
				WRAPPER_EXTENSION = app;
			};
			name = Release;
		};
/* End XCBuildConfiguration section */

/* Begin XCConfigurationList section */
		FC6AB74916BFE47A00D41728 /* Build configuration list for PBXProject "Com-Unity" */ = {
			isa = XCConfigurationList;
			buildConfigurations = (
				FC6AB77D16BFE47B00D41728 /* Debug */,
				FC6AB77E16BFE47B00D41728 /* Release */,
			);
			defaultConfigurationIsVisible = 0;
			defaultConfigurationName = Release;
		};
		FC6AB77F16BFE47B00D41728 /* Build configuration list for PBXNativeTarget "Com-Unity" */ = {
			isa = XCConfigurationList;
			buildConfigurations = (
				FC6AB78016BFE47B00D41728 /* Debug */,
				FC6AB78116BFE47B00D41728 /* Release */,
			);
			defaultConfigurationIsVisible = 0;
		};
/* End XCConfigurationList section */
	};
	rootObject = FC6AB74616BFE47A00D41728 /* Project object */;
}
